
Microsoft Visual Studio Solution File, Format Version 12.00
# Visual Studio Version 16
VisualStudioVersion = 16.0.30114.105
MinimumVisualStudioVersion = 10.0.40219.1
Project("{888888A0-9F3D-457C-B088-3A5042F75D52}") = "Support Vector Machines", "Support Vector Machines.pyproj", "{F02E4B6C-1C10-44E9-BB4E-7B40FA1B79D3}"
EndProject
Global
	GlobalSection(SolutionConfigurationPlatforms) = preSolution
		Debug|Any CPU = Debug|Any CPU
		Release|Any CPU = Release|Any CPU
	EndGlobalSection
	GlobalSection(ProjectConfigurationPlatforms) = postSolution
		{F02E4B6C-1C10-44E9-BB4E-7B40FA1B79D3}.Debug|Any CPU.ActiveCfg = Debug|Any CPU
		{F02E4B6C-1C10-44E9-BB4E-7B40FA1B79D3}.Release|Any CPU.ActiveCfg = Release|Any CPU
	EndGlobalSection
	GlobalSection(SolutionProperties) = preSolution
		HideSolutionNode = FALSE
	EndGlobalSection
	GlobalSection(ExtensibilityGlobals) = postSolution
		SolutionGuid = {C32BC493-80C7-4317-88D4-23CB3BC8E225}
	EndGlobalSection
EndGlobal
