
Microsoft Visual Studio Solution File, Format Version 12.00
# Visual Studio Version 16
VisualStudioVersion = 16.0.30104.148
MinimumVisualStudioVersion = 10.0.40219.1
Project("{888888A0-9F3D-457C-B088-3A5042F75D52}") = "DecisionTree", "DecisionTree.pyproj", "{3A74FFFC-7A9F-44E0-A203-C39F32B7224A}"
EndProject
Global
	GlobalSection(SolutionConfigurationPlatforms) = preSolution
		Debug|Any CPU = Debug|Any CPU
		Release|Any CPU = Release|Any CPU
	EndGlobalSection
	GlobalSection(ProjectConfigurationPlatforms) = postSolution
		{3A74FFFC-7A9F-44E0-A203-C39F32B7224A}.Debug|Any CPU.ActiveCfg = Debug|Any CPU
		{3A74FFFC-7A9F-44E0-A203-C39F32B7224A}.Release|Any CPU.ActiveCfg = Release|Any CPU
	EndGlobalSection
	GlobalSection(SolutionProperties) = preSolution
		HideSolutionNode = FALSE
	EndGlobalSection
	GlobalSection(ExtensibilityGlobals) = postSolution
		SolutionGuid = {FB51B9F7-4F72-4563-BEDB-560100EC9107}
	EndGlobalSection
EndGlobal
